# THIS IS AN AUTOGENERATED FILE. DO NOT EDIT THIS FILE DIRECTLY.
# yarn lockfile v1


"@rematch/core@^1.3.0":
  version "1.3.0"
  resolved "https://registry.yarnpkg.com/@rematch/core/-/core-1.3.0.tgz#bd1c1330e7ab899dc5844ff6d289d9ef1f04fd94"
  integrity sha512-iztVmInYDFX5ci92G+eWQGmWeX3xhx8k1YglHi1JvUBz+inHf9TamP6gW2eii/dtbL7fhzNcqpcnMjQUI4so5A==
  dependencies:
    redux "^4.0.4"

"js-tokens@^3.0.0 || ^4.0.0":
  version "4.0.0"
  resolved "https://registry.yarnpkg.com/js-tokens/-/js-tokens-4.0.0.tgz#19203fb59991df98e3a287050d4647cdeaf32499"
  integrity sha512-RdJUflcE3cUzKiMqQgsCu06FPu9UdIJO0beYbPhHN4k6apgJtifcoCtT9bcxOpYBtpD2kCM6Sbzg4CausW/PKQ==

loose-envify@^1.4.0:
  version "1.4.0"
  resolved "https://registry.yarnpkg.com/loose-envify/-/loose-envify-1.4.0.tgz#71ee51fa7be4caec1a63839f7e682d8132d30caf"
  integrity sha512-lyuxPGr/Wfhrlem2CL/UcnUc1zcqKAImBDzukY7Y5F/yQiNdko6+fRLevlw1HgMySw7f611UIY408EtxRSoK3Q==
  dependencies:
    js-tokens "^3.0.0 || ^4.0.0"

ractive@^1.3.8:
  version "1.3.8"
  resolved "https://registry.yarnpkg.com/ractive/-/ractive-1.3.8.tgz#89e98149bd05aa5a1d71f7259ca3e7ae3793864d"
  integrity sha512-T4I0PVcMtv+Hb3TwwqY6swyACRtWK7mFfpQyFCRkuUibWXB6TkZiHJN+9MuBqyMxARso7EnSMrDzhPJa9gfk3Q==

redux@^4.0.4:
  version "4.0.5"
  resolved "https://registry.yarnpkg.com/redux/-/redux-4.0.5.tgz#4db5de5816e17891de8a80c424232d06f051d93f"
  integrity sha512-VSz1uMAH24DM6MF72vcojpYPtrTUu3ByVWfPL1nPfVRb5mZVTve5GnNCUV53QM/BZ66xfWrm0CTWoM+Xlz8V1w==
  dependencies:
    loose-envify "^1.4.0"
    symbol-observable "^1.2.0"

symbol-observable@^1.2.0:
  version "1.2.0"
  resolved "https://registry.yarnpkg.com/symbol-observable/-/symbol-observable-1.2.0.tgz#c22688aed4eab3cdc2dfeacbb561660560a00804"
  integrity sha512-e900nM8RRtGhlV36KGEU9k65K3mPb1WV70OdjfxlG2EAuM1noi/E/BaW/uMhL7bPEssK8QV57vN3esixjUvcXQ==
